
Microsoft Visual Studio Solution File, Format Version 12.00
# Visual Studio Version 17
VisualStudioVersion = 17.13.35825.156
MinimumVisualStudioVersion = 10.0.40219.1
Project("{FAE04EC0-301F-11D3-BF4B-00C04F79EFBC}") = "MyApp", "..\..\source\repos\Amazon AWS Services Test FSDA_Oct_24_5_az\MyApp\MyApp.csproj", "{CCCB12F5-9090-A680-309B-7D2ACCC31C32}"
EndProject
Global
	GlobalSection(SolutionConfigurationPlatforms) = preSolution
		Debug|Any CPU = Debug|Any CPU
		Release|Any CPU = Release|Any CPU
	EndGlobalSection
	GlobalSection(ProjectConfigurationPlatforms) = postSolution
		{CCCB12F5-9090-A680-309B-7D2ACCC31C32}.Debug|Any CPU.ActiveCfg = Debug|Any CPU
		{CCCB12F5-9090-A680-309B-7D2ACCC31C32}.Debug|Any CPU.Build.0 = Debug|Any CPU
		{CCCB12F5-9090-A680-309B-7D2ACCC31C32}.Release|Any CPU.ActiveCfg = Release|Any CPU
		{CCCB12F5-9090-A680-309B-7D2ACCC31C32}.Release|Any CPU.Build.0 = Release|Any CPU
	EndGlobalSection
	GlobalSection(SolutionProperties) = preSolution
		HideSolutionNode = FALSE
	EndGlobalSection
	GlobalSection(ExtensibilityGlobals) = postSolution
		SolutionGuid = {FE65CD3D-BD06-488B-A388-6B9968CF2CBD}
	EndGlobalSection
EndGlobal
